
Microsoft Visual Studio Solution File, Format Version 12.00
# Visual Studio Version 17
VisualStudioVersion = 17.0.31919.166
MinimumVisualStudioVersion = 10.0.40219.1
Project("{8BC9CEB8-8B4A-11D0-8D11-00A0C91BC942}") = "Engine2", "Engine2.vcxproj", "{BD3AE62B-5877-423C-BBD3-1AEBAB6C65D4}"
EndProject
Global
	GlobalSection(SolutionConfigurationPlatforms) = preSolution
		Debug|x64 = Debug|x64
		Debug|x86 = Debug|x86
		Release|x64 = Release|x64
		Release|x86 = Release|x86
	EndGlobalSection
	GlobalSection(ProjectConfigurationPlatforms) = postSolution
		{BD3AE62B-5877-423C-BBD3-1AEBAB6C65D4}.Debug|x64.ActiveCfg = Debug|x64
		{BD3AE62B-5877-423C-BBD3-1AEBAB6C65D4}.Debug|x64.Build.0 = Debug|x64
		{BD3AE62B-5877-423C-BBD3-1AEBAB6C65D4}.Debug|x86.ActiveCfg = Debug|Win32
		{BD3AE62B-5877-423C-BBD3-1AEBAB6C65D4}.Debug|x86.Build.0 = Debug|Win32
		{BD3AE62B-5877-423C-BBD3-1AEBAB6C65D4}.Release|x64.ActiveCfg = Release|x64
		{BD3AE62B-5877-423C-BBD3-1AEBAB6C65D4}.Release|x64.Build.0 = Release|x64
		{BD3AE62B-5877-423C-BBD3-1AEBAB6C65D4}.Release|x86.ActiveCfg = Release|Win32
		{BD3AE62B-5877-423C-BBD3-1AEBAB6C65D4}.Release|x86.Build.0 = Release|Win32
	EndGlobalSection
	GlobalSection(SolutionProperties) = preSolution
		HideSolutionNode = FALSE
	EndGlobalSection
	GlobalSection(ExtensibilityGlobals) = postSolution
		SolutionGuid = {2B4F37B9-C1D3-4AC8-A987-90AB1F89C8FF}
	EndGlobalSection
EndGlobal
