<?xml version="1.0" encoding="utf-8"?>
<Project ToolsVersion="4.0" xmlns="http://schemas.microsoft.com/developer/msbuild/2003">
  <ItemGroup>
    <Filter Include="Source Files">
      <UniqueIdentifier>{4FC737F1-C7A5-4376-A066-2A32D752A2FF}</UniqueIdentifier>
      <Extensions>cpp;c;cc;cxx;c++;cppm;ixx;def;odl;idl;hpj;bat;asm;asmx</Extensions>
    </Filter>
    <Filter Include="Header Files">
      <UniqueIdentifier>{93995380-89BD-4b04-88EB-625FBE52EBFB}</UniqueIdentifier>
      <Extensions>h;hh;hpp;hxx;h++;hm;inl;inc;ipp;xsd</Extensions>
    </Filter>
    <Filter Include="Resource Files">
      <UniqueIdentifier>{67DA6AB6-F800-4c08-8B7A-83BB121AAD01}</UniqueIdentifier>
      <Extensions>rc;ico;cur;bmp;dlg;rc2;rct;bin;rgs;gif;jpg;jpeg;jpe;resx;tiff;tif;png;wav;mfcribbon-ms</Extensions>
    </Filter>
    <Filter Include="Source Files\Shaders">
      <UniqueIdentifier>{d4b3678b-a8b6-40a0-8552-6894169ec004}</UniqueIdentifier>
    </Filter>
    <Filter Include="Source Files\InputModule">
      <UniqueIdentifier>{2a457854-8d8f-4c7a-89d6-4516d6519d61}</UniqueIdentifier>
    </Filter>
    <Filter Include="Source Files\World">
      <UniqueIdentifier>{e2f6bc6d-865e-4c8e-8747-c8fe82a01841}</UniqueIdentifier>
    </Filter>
    <Filter Include="Source Files\World\Object">
      <UniqueIdentifier>{299c8706-3c98-454b-91a1-486fe9cb4eaa}</UniqueIdentifier>
    </Filter>
    <Filter Include="Source Files\InputModule\Controller">
      <UniqueIdentifier>{88bcb354-2ef0-4102-9126-d45062260b00}</UniqueIdentifier>
    </Filter>
    <Filter Include="Source Files\Common">
      <UniqueIdentifier>{07728b12-f9e8-449e-ad64-5b071d4b5ca7}</UniqueIdentifier>
    </Filter>
    <Filter Include="Source Files\World\Procedural">
      <UniqueIdentifier>{ca110262-8c88-40e3-8c88-9f62e374705f}</UniqueIdentifier>
    </Filter>
    <Filter Include="Source Files\VisualContext">
      <UniqueIdentifier>{208eb49b-c7c5-4e5a-add3-ba4a531a4034}</UniqueIdentifier>
    </Filter>
    <Filter Include="Source Files\VisualContext\Render Systems">
      <UniqueIdentifier>{5e515911-caf3-4e6f-9822-51ea8c4f65ae}</UniqueIdentifier>
    </Filter>
    <Filter Include="Header Files\Interfaces">
      <UniqueIdentifier>{2c1b347d-d772-4d1e-847d-f757cd5ffc13}</UniqueIdentifier>
    </Filter>
    <Filter Include="Source Files\imgui">
      <UniqueIdentifier>{7861cb51-50e8-4492-ac75-fe205ec6d293}</UniqueIdentifier>
    </Filter>
  </ItemGroup>
  <ItemGroup>
    <ClCompile Include="src\Pipeline.cpp">
      <Filter>Source Files\VisualContext</Filter>
    </ClCompile>
    <ClCompile Include="src\Window.cpp">
      <Filter>Source Files\VisualContext</Filter>
    </ClCompile>
    <ClCompile Include="src\Device.cpp">
      <Filter>Source Files\VisualContext</Filter>
    </ClCompile>
    <ClCompile Include="src\SwapChain.cpp">
      <Filter>Source Files\VisualContext</Filter>
    </ClCompile>
    <ClCompile Include="src\Renderer.cpp">
      <Filter>Source Files\VisualContext</Filter>
    </ClCompile>
    <ClCompile Include="src\main.cpp">
      <Filter>Source Files</Filter>
    </ClCompile>
    <ClCompile Include="src\Camera.cpp">
      <Filter>Source Files\VisualContext</Filter>
    </ClCompile>
    <ClCompile Include="src\InputModule.cpp">
      <Filter>Source Files\InputModule</Filter>
    </ClCompile>
    <ClCompile Include="src\Updatable.cpp">
      <Filter>Source Files\World</Filter>
    </ClCompile>
    <ClCompile Include="src\World.cpp">
      <Filter>Source Files\World</Filter>
    </ClCompile>
    <ClCompile Include="src\CameraObject.cpp">
      <Filter>Source Files\World\Object</Filter>
    </ClCompile>
    <ClCompile Include="src\FPMovementController.cpp">
      <Filter>Source Files\InputModule\Controller</Filter>
    </ClCompile>
    <ClCompile Include="src\DoubleList.cpp">
      <Filter>Source Files\Common</Filter>
    </ClCompile>
    <ClCompile Include="src\Buffer.cpp">
      <Filter>Source Files\VisualContext</Filter>
    </ClCompile>
    <ClCompile Include="src\Descriptor.cpp">
      <Filter>Source Files\VisualContext</Filter>
    </ClCompile>
    <ClCompile Include="src\VisualContext.cpp">
      <Filter>Source Files\VisualContext</Filter>
    </ClCompile>
    <ClCompile Include="src\VoxelRenderer.cpp">
      <Filter>Source Files\VisualContext\Render Systems</Filter>
    </ClCompile>
    <ClCompile Include="src\RenderSystem.cpp">
      <Filter>Source Files\VisualContext\Render Systems</Filter>
    </ClCompile>
    <ClCompile Include="src\Object.cpp">
      <Filter>Source Files\World\Object</Filter>
    </ClCompile>
    <ClCompile Include="src\Voxel.cpp">
      <Filter>Source Files\VisualContext</Filter>
    </ClCompile>
    <ClCompile Include="src\ChunkLoader.cpp">
      <Filter>Source Files\World\Procedural</Filter>
    </ClCompile>
    <ClCompile Include="src\OutlineRenderer.cpp">
      <Filter>Source Files\VisualContext\Render Systems</Filter>
    </ClCompile>
    <ClCompile Include="src\imgui.cpp">
      <Filter>Source Files\imgui</Filter>
    </ClCompile>
    <ClCompile Include="src\imgui_demo.cpp">
      <Filter>Source Files\imgui</Filter>
    </ClCompile>
    <ClCompile Include="src\imgui_draw.cpp">
      <Filter>Source Files\imgui</Filter>
    </ClCompile>
    <ClCompile Include="src\imgui_impl_glfw.cpp">
      <Filter>Source Files\imgui</Filter>
    </ClCompile>
    <ClCompile Include="src\imgui_impl_vulkan.cpp">
      <Filter>Source Files\imgui</Filter>
    </ClCompile>
    <ClCompile Include="src\imgui_tables.cpp">
      <Filter>Source Files\imgui</Filter>
    </ClCompile>
    <ClCompile Include="src\imgui_widgets.cpp">
      <Filter>Source Files\imgui</Filter>
    </ClCompile>
    <ClCompile Include="src\UIModule.cpp">
      <Filter>Source Files\VisualContext</Filter>
    </ClCompile>
    <ClCompile Include="src\CursorToggleController.cpp">
      <Filter>Source Files\InputModule\Controller</Filter>
    </ClCompile>
    <ClCompile Include="src\Material.cpp">
      <Filter>Source Files\VisualContext</Filter>
    </ClCompile>
  </ItemGroup>
  <ItemGroup>
    <ClInclude Include="src\Pipeline.h">
      <Filter>Header Files</Filter>
    </ClInclude>
    <ClInclude Include="src\Window.h">
      <Filter>Header Files</Filter>
    </ClInclude>
    <ClInclude Include="src\Device.h">
      <Filter>Header Files</Filter>
    </ClInclude>
    <ClInclude Include="src\SwapChain.h">
      <Filter>Header Files</Filter>
    </ClInclude>
    <ClInclude Include="src\Object.h">
      <Filter>Header Files</Filter>
    </ClInclude>
    <ClInclude Include="src\Renderer.h">
      <Filter>Header Files</Filter>
    </ClInclude>
    <ClInclude Include="src\Camera.h">
      <Filter>Header Files</Filter>
    </ClInclude>
    <ClInclude Include="src\CameraObject.h">
      <Filter>Header Files</Filter>
    </ClInclude>
    <ClInclude Include="src\InputModule.h">
      <Filter>Header Files</Filter>
    </ClInclude>
    <ClInclude Include="src\Updatable.h">
      <Filter>Header Files</Filter>
    </ClInclude>
    <ClInclude Include="src\World.h">
      <Filter>Header Files</Filter>
    </ClInclude>
    <ClInclude Include="src\Coordinates.h">
      <Filter>Header Files</Filter>
    </ClInclude>
    <ClInclude Include="src\DoubleList.h">
      <Filter>Header Files</Filter>
    </ClInclude>
    <ClInclude Include="src\Buffer.h">
      <Filter>Header Files</Filter>
    </ClInclude>
    <ClInclude Include="src\Descriptor.h">
      <Filter>Header Files</Filter>
    </ClInclude>
    <ClInclude Include="src\VisualContext.h">
      <Filter>Header Files</Filter>
    </ClInclude>
    <ClInclude Include="src\VoxelRenderer.h">
      <Filter>Header Files</Filter>
    </ClInclude>
    <ClInclude Include="src\RenderSystem.h">
      <Filter>Header Files</Filter>
    </ClInclude>
    <ClInclude Include="src\Voxel.h">
      <Filter>Header Files</Filter>
    </ClInclude>
    <ClInclude Include="src\IRotatable.h">
      <Filter>Header Files\Interfaces</Filter>
    </ClInclude>
    <ClInclude Include="src\IMovable.h">
      <Filter>Header Files\Interfaces</Filter>
    </ClInclude>
    <ClInclude Include="src\OutlineRenderer.h">
      <Filter>Header Files</Filter>
    </ClInclude>
    <ClInclude Include="src\ChunkLoader.h">
      <Filter>Header Files</Filter>
    </ClInclude>
    <ClInclude Include="src\imgui.h">
      <Filter>Header Files</Filter>
    </ClInclude>
    <ClInclude Include="src\imgui_impl_glfw.h">
      <Filter>Header Files</Filter>
    </ClInclude>
    <ClInclude Include="src\imgui_impl_vulkan.h">
      <Filter>Header Files</Filter>
    </ClInclude>
    <ClInclude Include="src\imconfig.h">
      <Filter>Header Files</Filter>
    </ClInclude>
    <ClInclude Include="src\imgui_internal.h">
      <Filter>Header Files</Filter>
    </ClInclude>
    <ClInclude Include="src\imstb_rectpack.h">
      <Filter>Header Files</Filter>
    </ClInclude>
    <ClInclude Include="src\imstb_textedit.h">
      <Filter>Header Files</Filter>
    </ClInclude>
    <ClInclude Include="src\imstb_truetype.h">
      <Filter>Header Files</Filter>
    </ClInclude>
    <ClInclude Include="src\UIModule.h">
      <Filter>Header Files</Filter>
    </ClInclude>
    <ClInclude Include="src\CursorToggleController.h">
      <Filter>Header Files</Filter>
    </ClInclude>
    <ClInclude Include="src\FPMovementController.h">
      <Filter>Header Files</Filter>
    </ClInclude>
    <ClInclude Include="src\Material.h">
      <Filter>Header Files</Filter>
    </ClInclude>
  </ItemGroup>
  <ItemGroup>
    <None Include="shaders\shader.frag">
      <Filter>Source Files\Shaders</Filter>
    </None>
    <None Include="shaders\shader.vert">
      <Filter>Source Files\Shaders</Filter>
    </None>
    <None Include="README.md">
      <Filter>Source Files</Filter>
    </None>
    <None Include="shaders\line.vert">
      <Filter>Source Files\Shaders</Filter>
    </None>
  </ItemGroup>
</Project>